
Microsoft Visual Studio Solution File, Format Version 12.00
# Visual Studio 15
VisualStudioVersion = 15.0.27130.0
MinimumVisualStudioVersion = 10.0.40219.1
Project("{9A19103F-16F7-4668-BE54-9A1E7A4F7556}") = "ExampleMnist", "ExampleMnist.csproj", "{691526FC-02C8-40FA-A8E0-752A84B21421}"
EndProject
Global
	GlobalSection(SolutionConfigurationPlatforms) = preSolution
		Debug|Any CPU = Debug|Any CPU
		Release|Any CPU = Release|Any CPU
	EndGlobalSection
	GlobalSection(ProjectConfigurationPlatforms) = postSolution
		{691526FC-02C8-40FA-A8E0-752A84B21421}.Debug|Any CPU.ActiveCfg = Debug|Any CPU
		{691526FC-02C8-40FA-A8E0-752A84B21421}.Debug|Any CPU.Build.0 = Debug|Any CPU
		{691526FC-02C8-40FA-A8E0-752A84B21421}.Release|Any CPU.ActiveCfg = Release|Any CPU
		{691526FC-02C8-40FA-A8E0-752A84B21421}.Release|Any CPU.Build.0 = Release|Any CPU
	EndGlobalSection
	GlobalSection(SolutionProperties) = preSolution
		HideSolutionNode = FALSE
	EndGlobalSection
	GlobalSection(ExtensibilityGlobals) = postSolution
		SolutionGuid = {1F0F59C2-CF13-4CEE-BFB3-0D81D916EB1F}
	EndGlobalSection
EndGlobal
